
Microsoft Visual Studio Solution File, Format Version 12.00
# Visual Studio Version 18
VisualStudioVersion = 18.2.11408.102 d18.0
MinimumVisualStudioVersion = 10.0.40219.1
Project("{FAE04EC0-301F-11D3-BF4B-00C04F79EFBC}") = "MyWebApi", "MyWebApi.csproj", "{D8A38D25-22B5-170F-1686-F57E6E229A0D}"
EndProject
Global
	GlobalSection(SolutionConfigurationPlatforms) = preSolution
		Debug|Any CPU = Debug|Any CPU
		Release|Any CPU = Release|Any CPU
	EndGlobalSection
	GlobalSection(ProjectConfigurationPlatforms) = postSolution
		{D8A38D25-22B5-170F-1686-F57E6E229A0D}.Debug|Any CPU.ActiveCfg = Debug|Any CPU
		{D8A38D25-22B5-170F-1686-F57E6E229A0D}.Debug|Any CPU.Build.0 = Debug|Any CPU
		{D8A38D25-22B5-170F-1686-F57E6E229A0D}.Release|Any CPU.ActiveCfg = Release|Any CPU
		{D8A38D25-22B5-170F-1686-F57E6E229A0D}.Release|Any CPU.Build.0 = Release|Any CPU
	EndGlobalSection
	GlobalSection(SolutionProperties) = preSolution
		HideSolutionNode = FALSE
	EndGlobalSection
	GlobalSection(ExtensibilityGlobals) = postSolution
		SolutionGuid = {78508C18-DEE0-428E-B9D7-945CBA047BB5}
	EndGlobalSection
EndGlobal
